
Microsoft Visual Studio Solution File, Format Version 12.00
# Visual Studio Version 17
VisualStudioVersion = 17.5.002.0
MinimumVisualStudioVersion = 10.0.40219.1
Project("{9A19103F-16F7-4668-BE54-9A1E7A4F7556}") = "API", "API\API.csproj", "{A21FD4D4-4A87-42BC-9E87-17CC133276B4}"
EndProject
Global
	GlobalSection(SolutionConfigurationPlatforms) = preSolution
		Debug|Any CPU = Debug|Any CPU
		Release|Any CPU = Release|Any CPU
	EndGlobalSection
	GlobalSection(ProjectConfigurationPlatforms) = postSolution
		{A21FD4D4-4A87-42BC-9E87-17CC133276B4}.Debug|Any CPU.ActiveCfg = Debug|Any CPU
		{A21FD4D4-4A87-42BC-9E87-17CC133276B4}.Debug|Any CPU.Build.0 = Debug|Any CPU
		{A21FD4D4-4A87-42BC-9E87-17CC133276B4}.Release|Any CPU.ActiveCfg = Release|Any CPU
		{A21FD4D4-4A87-42BC-9E87-17CC133276B4}.Release|Any CPU.Build.0 = Release|Any CPU
	EndGlobalSection
	GlobalSection(SolutionProperties) = preSolution
		HideSolutionNode = FALSE
	EndGlobalSection
	GlobalSection(ExtensibilityGlobals) = postSolution
		SolutionGuid = {5CBAEE19-B325-4B8B-8C12-82C430EA1BEC}
	EndGlobalSection
EndGlobal
